// !$*UTF8*$!
{
	archiveVersion = 1;
	classes = {
	};
	objectVersion = 77;
	objects = {

/* Begin PBXBuildFile section */
		02B9D46D2E4B8E0D001A1FD7 /* TestPlan.xctestplan in Resources */ = {isa = PBXBuildFile; fileRef = 02B9D46C2E4B8E0D001A1FD7 /* TestPlan.xctestplan */; };
		02D67E202E42117000D051AA /* .swiftlint.yml in Resources */ = {isa = PBXBuildFile; fileRef = 02D67E1F2E42116B00D051AA /* .swiftlint.yml */; };
		BD8FC6022E45B9A2003FAAAD /* RealmSwift in Frameworks */ = {isa = PBXBuildFile; productRef = BD8FC6012E45B9A2003FAAAD /* RealmSwift */; };
		BD8FC67A2E49A3F9003FAAAD /* RealmSwift in Embed Frameworks */ = {isa = PBXBuildFile; productRef = BD8FC6012E45B9A2003FAAAD /* RealmSwift */; settings = {ATTRIBUTES = (CodeSignOnCopy, ); }; };
/* End PBXBuildFile section */

/* Begin PBXContainerItemProxy section */
		023F219A2E3F1B4900501468 /* PBXContainerItemProxy */ = {
			isa = PBXContainerItemProxy;
			containerPortal = 023F21812E3F1B4700501468 /* Project object */;
			proxyType = 1;
			remoteGlobalIDString = 023F21882E3F1B4700501468;
			remoteInfo = "how-was-today";
		};
		023F21A42E3F1B4900501468 /* PBXContainerItemProxy */ = {
			isa = PBXContainerItemProxy;
			containerPortal = 023F21812E3F1B4700501468 /* Project object */;
			proxyType = 1;
			remoteGlobalIDString = 023F21882E3F1B4700501468;
			remoteInfo = "how-was-today";
		};
/* End PBXContainerItemProxy section */

/* Begin PBXCopyFilesBuildPhase section */
		02B9D46A2E4B69AF001A1FD7 /* Embed Frameworks */ = {
			isa = PBXCopyFilesBuildPhase;
			buildActionMask = 2147483647;
			dstPath = "";
			dstSubfolderSpec = 10;
			files = (
			);
			name = "Embed Frameworks";
			runOnlyForDeploymentPostprocessing = 0;
		};
		BD8FC67B2E49A3F9003FAAAD /* Embed Frameworks */ = {
			isa = PBXCopyFilesBuildPhase;
			buildActionMask = 2147483647;
			dstPath = "";
			dstSubfolderSpec = 10;
			files = (
				BD8FC67A2E49A3F9003FAAAD /* RealmSwift in Embed Frameworks */,
			);
			name = "Embed Frameworks";
			runOnlyForDeploymentPostprocessing = 0;
		};
/* End PBXCopyFilesBuildPhase section */

/* Begin PBXFileReference section */
		023F21892E3F1B4700501468 /* how-was-today.app */ = {isa = PBXFileReference; explicitFileType = wrapper.application; includeInIndex = 0; path = "how-was-today.app"; sourceTree = BUILT_PRODUCTS_DIR; };
		023F21992E3F1B4900501468 /* how-was-todayTests.xctest */ = {isa = PBXFileReference; explicitFileType = wrapper.cfbundle; includeInIndex = 0; path = "how-was-todayTests.xctest"; sourceTree = BUILT_PRODUCTS_DIR; };
		023F21A32E3F1B4900501468 /* how-was-todayUITests.xctest */ = {isa = PBXFileReference; explicitFileType = wrapper.cfbundle; includeInIndex = 0; path = "how-was-todayUITests.xctest"; sourceTree = BUILT_PRODUCTS_DIR; };
		02B9D46C2E4B8E0D001A1FD7 /* TestPlan.xctestplan */ = {isa = PBXFileReference; lastKnownFileType = text; path = TestPlan.xctestplan; sourceTree = "<group>"; };
		02D67E1F2E42116B00D051AA /* .swiftlint.yml */ = {isa = PBXFileReference; lastKnownFileType = text.yaml; path = .swiftlint.yml; sourceTree = "<group>"; };
/* End PBXFileReference section */

/* Begin PBXFileSystemSynchronizedRootGroup section */
		023F218B2E3F1B4700501468 /* how-was-today */ = {
			isa = PBXFileSystemSynchronizedRootGroup;
			path = "how-was-today";
			sourceTree = "<group>";
		};
		023F219C2E3F1B4900501468 /* how-was-todayTests */ = {
			isa = PBXFileSystemSynchronizedRootGroup;
			path = "how-was-todayTests";
			sourceTree = "<group>";
		};
		023F21A62E3F1B4900501468 /* how-was-todayUITests */ = {
			isa = PBXFileSystemSynchronizedRootGroup;
			path = "how-was-todayUITests";
			sourceTree = "<group>";
		};
/* End PBXFileSystemSynchronizedRootGroup section */

/* Begin PBXFrameworksBuildPhase section */
		023F21862E3F1B4700501468 /* Frameworks */ = {
			isa = PBXFrameworksBuildPhase;
			buildActionMask = 2147483647;
			files = (
				BD8FC6022E45B9A2003FAAAD /* RealmSwift in Frameworks */,
			);
			runOnlyForDeploymentPostprocessing = 0;
		};
		023F21962E3F1B4900501468 /* Frameworks */ = {
			isa = PBXFrameworksBuildPhase;
			buildActionMask = 2147483647;
			files = (
			);
			runOnlyForDeploymentPostprocessing = 0;
		};
		023F21A02E3F1B4900501468 /* Frameworks */ = {
			isa = PBXFrameworksBuildPhase;
			buildActionMask = 2147483647;
			files = (
			);
			runOnlyForDeploymentPostprocessing = 0;
		};
/* End PBXFrameworksBuildPhase section */

/* Begin PBXGroup section */
		023F21802E3F1B4700501468 = {
			isa = PBXGroup;
			children = (
				02B9D46C2E4B8E0D001A1FD7 /* TestPlan.xctestplan */,
				02D67E1F2E42116B00D051AA /* .swiftlint.yml */,
				023F218B2E3F1B4700501468 /* how-was-today */,
				023F219C2E3F1B4900501468 /* how-was-todayTests */,
				023F21A62E3F1B4900501468 /* how-was-todayUITests */,
				02B9D4662E4B69AE001A1FD7 /* Frameworks */,
				023F218A2E3F1B4700501468 /* Products */,
			);
			sourceTree = "<group>";
		};
		023F218A2E3F1B4700501468 /* Products */ = {
			isa = PBXGroup;
			children = (
				023F21892E3F1B4700501468 /* how-was-today.app */,
				023F21992E3F1B4900501468 /* how-was-todayTests.xctest */,
				023F21A32E3F1B4900501468 /* how-was-todayUITests.xctest */,
			);
			name = Products;
			sourceTree = "<group>";
		};
		02B9D4662E4B69AE001A1FD7 /* Frameworks */ = {
			isa = PBXGroup;
			children = (
			);
			name = Frameworks;
			sourceTree = "<group>";
		};
/* End PBXGroup section */

/* Begin PBXNativeTarget section */
		023F21882E3F1B4700501468 /* how-was-today */ = {
			isa = PBXNativeTarget;
			buildConfigurationList = 023F21AD2E3F1B4900501468 /* Build configuration list for PBXNativeTarget "how-was-today" */;
			buildPhases = (
				023F21852E3F1B4700501468 /* Sources */,
				023F21862E3F1B4700501468 /* Frameworks */,
				023F21872E3F1B4700501468 /* Resources */,
				02D67E212E42127000D051AA /* ShellScript */,
				BD8FC67B2E49A3F9003FAAAD /* Embed Frameworks */,
			);
			buildRules = (
			);
			dependencies = (
			);
			fileSystemSynchronizedGroups = (
				023F218B2E3F1B4700501468 /* how-was-today */,
			);
			name = "how-was-today";
			packageProductDependencies = (
				BD8FC6012E45B9A2003FAAAD /* RealmSwift */,
			);
			productName = "how-was-today";
			productReference = 023F21892E3F1B4700501468 /* how-was-today.app */;
			productType = "com.apple.product-type.application";
		};
		023F21982E3F1B4900501468 /* how-was-todayTests */ = {
			isa = PBXNativeTarget;
			buildConfigurationList = 023F21B02E3F1B4900501468 /* Build configuration list for PBXNativeTarget "how-was-todayTests" */;
			buildPhases = (
				023F21952E3F1B4900501468 /* Sources */,
				023F21962E3F1B4900501468 /* Frameworks */,
				023F21972E3F1B4900501468 /* Resources */,
				02B9D46A2E4B69AF001A1FD7 /* Embed Frameworks */,
			);
			buildRules = (
			);
			dependencies = (
				023F219B2E3F1B4900501468 /* PBXTargetDependency */,
			);
			fileSystemSynchronizedGroups = (
				023F219C2E3F1B4900501468 /* how-was-todayTests */,
			);
			name = "how-was-todayTests";
			packageProductDependencies = (
			);
			productName = "how-was-todayTests";
			productReference = 023F21992E3F1B4900501468 /* how-was-todayTests.xctest */;
			productType = "com.apple.product-type.bundle.unit-test";
		};
		023F21A22E3F1B4900501468 /* how-was-todayUITests */ = {
			isa = PBXNativeTarget;
			buildConfigurationList = 023F21B32E3F1B4900501468 /* Build configuration list for PBXNativeTarget "how-was-todayUITests" */;
			buildPhases = (
				023F219F2E3F1B4900501468 /* Sources */,
				023F21A02E3F1B4900501468 /* Frameworks */,
				023F21A12E3F1B4900501468 /* Resources */,
			);
			buildRules = (
			);
			dependencies = (
				023F21A52E3F1B4900501468 /* PBXTargetDependency */,
			);
			fileSystemSynchronizedGroups = (
				023F21A62E3F1B4900501468 /* how-was-todayUITests */,
			);
			name = "how-was-todayUITests";
			packageProductDependencies = (
			);
			productName = "how-was-todayUITests";
			productReference = 023F21A32E3F1B4900501468 /* how-was-todayUITests.xctest */;
			productType = "com.apple.product-type.bundle.ui-testing";
		};
/* End PBXNativeTarget section */

/* Begin PBXProject section */
		023F21812E3F1B4700501468 /* Project object */ = {
			isa = PBXProject;
			attributes = {
				BuildIndependentTargetsInParallel = 1;
				LastSwiftUpdateCheck = 1200;
				LastUpgradeCheck = 1200;
				TargetAttributes = {
					023F21882E3F1B4700501468 = {
						CreatedOnToolsVersion = 16.0;
					};
					023F21982E3F1B4900501468 = {
						CreatedOnToolsVersion = 16.0;
						TestTargetID = 023F21882E3F1B4700501468;
					};
					023F21A22E3F1B4900501468 = {
						CreatedOnToolsVersion = 16.0;
						TestTargetID = 023F21882E3F1B4700501468;
					};
				};
			};
			buildConfigurationList = 023F21842E3F1B4700501468 /* Build configuration list for PBXProject "how-was-today" */;
			developmentRegion = en;
			hasScannedForEncodings = 0;
			knownRegions = (
				en,
				Base,
			);
			mainGroup = 023F21802E3F1B4700501468;
			minimizedProjectReferenceProxies = 1;
			packageReferences = (
				BD8FC6002E45B9A2003FAAAD /* XCRemoteSwiftPackageReference "realm-swift" */,
			);
			preferredProjectObjectVersion = 77;
			productRefGroup = 023F218A2E3F1B4700501468 /* Products */;
			projectDirPath = "";
			projectRoot = "";
			targets = (
				023F21882E3F1B4700501468 /* how-was-today */,
				023F21982E3F1B4900501468 /* how-was-todayTests */,
				023F21A22E3F1B4900501468 /* how-was-todayUITests */,
			);
		};
/* End PBXProject section */

/* Begin PBXResourcesBuildPhase section */
		023F21872E3F1B4700501468 /* Resources */ = {
			isa = PBXResourcesBuildPhase;
			buildActionMask = 2147483647;
			files = (
				02B9D46D2E4B8E0D001A1FD7 /* TestPlan.xctestplan in Resources */,
				02D67E202E42117000D051AA /* .swiftlint.yml in Resources */,
			);
			runOnlyForDeploymentPostprocessing = 0;
		};
		023F21972E3F1B4900501468 /* Resources */ = {
			isa = PBXResourcesBuildPhase;
			buildActionMask = 2147483647;
			files = (
			);
			runOnlyForDeploymentPostprocessing = 0;
		};
		023F21A12E3F1B4900501468 /* Resources */ = {
			isa = PBXResourcesBuildPhase;
			buildActionMask = 2147483647;
			files = (
			);
			runOnlyForDeploymentPostprocessing = 0;
		};
/* End PBXResourcesBuildPhase section */

/* Begin PBXShellScriptBuildPhase section */
		02D67E212E42127000D051AA /* ShellScript */ = {
			isa = PBXShellScriptBuildPhase;
			alwaysOutOfDate = 1;
			buildActionMask = 2147483647;
			files = (
			);
			inputFileListPaths = (
			);
			inputPaths = (
			);
			outputFileListPaths = (
			);
			outputPaths = (
			);
			runOnlyForDeploymentPostprocessing = 0;
			shellScript = "if [[ \"$(uname -m)\" == arm64 ]]\nthen\n    export PATH=\"/opt/homebrew/bin:$PATH\"\nfi\n\nif command -v swiftlint >/dev/null 2>&1\nthen\n    swiftlint\nelse\n    echo \"warning: `swiftlint` command not found - See https://github.com/realm/SwiftLint#installation for installation instructions.\"\nfi\n";
		};
/* End PBXShellScriptBuildPhase section */

/* Begin PBXSourcesBuildPhase section */
		023F21852E3F1B4700501468 /* Sources */ = {
			isa = PBXSourcesBuildPhase;
			buildActionMask = 2147483647;
			files = (
			);
			runOnlyForDeploymentPostprocessing = 0;
		};
		023F21952E3F1B4900501468 /* Sources */ = {
			isa = PBXSourcesBuildPhase;
			buildActionMask = 2147483647;
			files = (
			);
			runOnlyForDeploymentPostprocessing = 0;
		};
		023F219F2E3F1B4900501468 /* Sources */ = {
			isa = PBXSourcesBuildPhase;
			buildActionMask = 2147483647;
			files = (
			);
			runOnlyForDeploymentPostprocessing = 0;
		};
/* End PBXSourcesBuildPhase section */

/* Begin PBXTargetDependency section */
		023F219B2E3F1B4900501468 /* PBXTargetDependency */ = {
			isa = PBXTargetDependency;
			target = 023F21882E3F1B4700501468 /* how-was-today */;
			targetProxy = 023F219A2E3F1B4900501468 /* PBXContainerItemProxy */;
		};
		023F21A52E3F1B4900501468 /* PBXTargetDependency */ = {
			isa = PBXTargetDependency;
			target = 023F21882E3F1B4700501468 /* how-was-today */;
			targetProxy = 023F21A42E3F1B4900501468 /* PBXContainerItemProxy */;
		};
/* End PBXTargetDependency section */

/* Begin XCBuildConfiguration section */
		023F21AB2E3F1B4900501468 /* Debug */ = {
			isa = XCBuildConfiguration;
			buildSettings = {
				ALWAYS_SEARCH_USER_PATHS = NO;
				ASSETCATALOG_COMPILER_GENERATE_SWIFT_ASSET_SYMBOL_EXTENSIONS = YES;
				CLANG_ANALYZER_NONNULL = YES;
				CLANG_ANALYZER_NUMBER_OBJECT_CONVERSION = YES_AGGRESSIVE;
				CLANG_CXX_LANGUAGE_STANDARD = "gnu++20";
				CLANG_ENABLE_MODULES = YES;
				CLANG_ENABLE_OBJC_ARC = YES;
				CLANG_ENABLE_OBJC_WEAK = YES;
				CLANG_WARN_BLOCK_CAPTURE_AUTORELEASING = YES;
				CLANG_WARN_BOOL_CONVERSION = YES;
				CLANG_WARN_COMMA = YES;
				CLANG_WARN_CONSTANT_CONVERSION = YES;
				CLANG_WARN_DEPRECATED_OBJC_IMPLEMENTATIONS = YES;
				CLANG_WARN_DIRECT_OBJC_ISA_USAGE = YES_ERROR;
				CLANG_WARN_DOCUMENTATION_COMMENTS = YES;
				CLANG_WARN_EMPTY_BODY = YES;
				CLANG_WARN_ENUM_CONVERSION = YES;
				CLANG_WARN_INFINITE_RECURSION = YES;
				CLANG_WARN_INT_CONVERSION = YES;
				CLANG_WARN_NON_LITERAL_NULL_CONVERSION = YES;
				CLANG_WARN_OBJC_IMPLICIT_RETAIN_SELF = YES;
				CLANG_WARN_OBJC_LITERAL_CONVERSION = YES;
				CLANG_WARN_OBJC_ROOT_CLASS = YES_ERROR;
				CLANG_WARN_QUOTED_INCLUDE_IN_FRAMEWORK_HEADER = YES;
				CLANG_WARN_RANGE_LOOP_ANALYSIS = YES;
				CLANG_WARN_STRICT_PROTOTYPES = YES;
				CLANG_WARN_SUSPICIOUS_MOVE = YES;
				CLANG_WARN_UNGUARDED_AVAILABILITY = YES_AGGRESSIVE;
				CLANG_WARN_UNREACHABLE_CODE = YES;
				CLANG_WARN__DUPLICATE_METHOD_MATCH = YES;
				COPY_PHASE_STRIP = NO;
				DEBUG_INFORMATION_FORMAT = dwarf;
				ENABLE_STRICT_OBJC_MSGSEND = YES;
				ENABLE_TESTABILITY = YES;
				ENABLE_USER_SCRIPT_SANDBOXING = YES;
				GCC_C_LANGUAGE_STANDARD = gnu17;
				GCC_DYNAMIC_NO_PIC = NO;
				GCC_NO_COMMON_BLOCKS = YES;
				GCC_OPTIMIZATION_LEVEL = 0;
				GCC_PREPROCESSOR_DEFINITIONS = (
					"DEBUG=1",
					"$(inherited)",
				);
				GCC_WARN_64_TO_32_BIT_CONVERSION = YES;
				GCC_WARN_ABOUT_RETURN_TYPE = YES_ERROR;
				GCC_WARN_UNDECLARED_SELECTOR = YES;
				GCC_WARN_UNINITIALIZED_AUTOS = YES_AGGRESSIVE;
				GCC_WARN_UNUSED_FUNCTION = YES;
				GCC_WARN_UNUSED_VARIABLE = YES;
				IPHONEOS_DEPLOYMENT_TARGET = 16.6;
				LOCALIZATION_PREFERS_STRING_CATALOGS = YES;
				MTL_ENABLE_DEBUG_INFO = INCLUDE_SOURCE;
				MTL_FAST_MATH = YES;
				ONLY_ACTIVE_ARCH = YES;
				SDKROOT = iphoneos;
				SWIFT_ACTIVE_COMPILATION_CONDITIONS = "DEBUG $(inherited)";
				SWIFT_OPTIMIZATION_LEVEL = "-Onone";
			};
			name = Debug;
		};
		023F21AC2E3F1B4900501468 /* Release */ = {
			isa = XCBuildConfiguration;
			buildSettings = {
				ALWAYS_SEARCH_USER_PATHS = NO;
				ASSETCATALOG_COMPILER_GENERATE_SWIFT_ASSET_SYMBOL_EXTENSIONS = YES;
				CLANG_ANALYZER_NONNULL = YES;
				CLANG_ANALYZER_NUMBER_OBJECT_CONVERSION = YES_AGGRESSIVE;
				CLANG_CXX_LANGUAGE_STANDARD = "gnu++20";
				CLANG_ENABLE_MODULES = YES;
				CLANG_ENABLE_OBJC_ARC = YES;
				CLANG_ENABLE_OBJC_WEAK = YES;
				CLANG_WARN_BLOCK_CAPTURE_AUTORELEASING = YES;
				CLANG_WARN_BOOL_CONVERSION = YES;
				CLANG_WARN_COMMA = YES;
				CLANG_WARN_CONSTANT_CONVERSION = YES;
				CLANG_WARN_DEPRECATED_OBJC_IMPLEMENTATIONS = YES;
				CLANG_WARN_DIRECT_OBJC_ISA_USAGE = YES_ERROR;
				CLANG_WARN_DOCUMENTATION_COMMENTS = YES;
				CLANG_WARN_EMPTY_BODY = YES;
				CLANG_WARN_ENUM_CONVERSION = YES;
				CLANG_WARN_INFINITE_RECURSION = YES;
				CLANG_WARN_INT_CONVERSION = YES;
				CLANG_WARN_NON_LITERAL_NULL_CONVERSION = YES;
				CLANG_WARN_OBJC_IMPLICIT_RETAIN_SELF = YES;
				CLANG_WARN_OBJC_LITERAL_CONVERSION = YES;
				CLANG_WARN_OBJC_ROOT_CLASS = YES_ERROR;
				CLANG_WARN_QUOTED_INCLUDE_IN_FRAMEWORK_HEADER = YES;
				CLANG_WARN_RANGE_LOOP_ANALYSIS = YES;
				CLANG_WARN_STRICT_PROTOTYPES = YES;
				CLANG_WARN_SUSPICIOUS_MOVE = YES;
				CLANG_WARN_UNGUARDED_AVAILABILITY = YES_AGGRESSIVE;
				CLANG_WARN_UNREACHABLE_CODE = YES;
				CLANG_WARN__DUPLICATE_METHOD_MATCH = YES;
				COPY_PHASE_STRIP = NO;
				DEBUG_INFORMATION_FORMAT = "dwarf-with-dsym";
				ENABLE_NS_ASSERTIONS = NO;
				ENABLE_STRICT_OBJC_MSGSEND = YES;
				ENABLE_USER_SCRIPT_SANDBOXING = YES;
				GCC_C_LANGUAGE_STANDARD = gnu17;
				GCC_NO_COMMON_BLOCKS = YES;
				GCC_WARN_64_TO_32_BIT_CONVERSION = YES;
				GCC_WARN_ABOUT_RETURN_TYPE = YES_ERROR;
				GCC_WARN_UNDECLARED_SELECTOR = YES;
				GCC_WARN_UNINITIALIZED_AUTOS = YES_AGGRESSIVE;
				GCC_WARN_UNUSED_FUNCTION = YES;
				GCC_WARN_UNUSED_VARIABLE = YES;
				IPHONEOS_DEPLOYMENT_TARGET = 16.6;
				LOCALIZATION_PREFERS_STRING_CATALOGS = YES;
				MTL_ENABLE_DEBUG_INFO = NO;
				MTL_FAST_MATH = YES;
				SDKROOT = iphoneos;
				SWIFT_COMPILATION_MODE = wholemodule;
				VALIDATE_PRODUCT = YES;
			};
			name = Release;
		};
		023F21AE2E3F1B4900501468 /* Debug */ = {
			isa = XCBuildConfiguration;
			buildSettings = {
				ASSETCATALOG_COMPILER_APPICON_NAME = AppIcon;
				ASSETCATALOG_COMPILER_GLOBAL_ACCENT_COLOR_NAME = AccentColor;
				CODE_SIGN_STYLE = Automatic;
				CURRENT_PROJECT_VERSION = 1;
				DEVELOPMENT_ASSET_PATHS = "\"how-was-today/Preview Content\"";
				DEVELOPMENT_TEAM = 9U3GTR786Y;
				ENABLE_PREVIEWS = YES;
				ENABLE_USER_SCRIPT_SANDBOXING = NO;
				GENERATE_INFOPLIST_FILE = YES;
				INFOPLIST_KEY_UIApplicationSceneManifest_Generation = YES;
				INFOPLIST_KEY_UIApplicationSupportsIndirectInputEvents = YES;
				INFOPLIST_KEY_UILaunchScreen_Generation = YES;
				INFOPLIST_KEY_UISupportedInterfaceOrientations_iPad = "UIInterfaceOrientationPortrait UIInterfaceOrientationPortraitUpsideDown UIInterfaceOrientationLandscapeLeft UIInterfaceOrientationLandscapeRight";
				INFOPLIST_KEY_UISupportedInterfaceOrientations_iPhone = "UIInterfaceOrientationPortrait UIInterfaceOrientationLandscapeLeft UIInterfaceOrientationLandscapeRight";
				IPHONEOS_DEPLOYMENT_TARGET = 16.6;
				LD_RUNPATH_SEARCH_PATHS = (
					"$(inherited)",
					"@executable_path/Frameworks",
				);
				MARKETING_VERSION = 1.0;
				PRODUCT_BUNDLE_IDENTIFIER = "com.hogang.how-was-today";
				PRODUCT_NAME = "$(TARGET_NAME)";
				SWIFT_EMIT_LOC_STRINGS = YES;
				SWIFT_VERSION = 5.0;
				TARGETED_DEVICE_FAMILY = "1,2";
			};
			name = Debug;
		};
		023F21AF2E3F1B4900501468 /* Release */ = {
			isa = XCBuildConfiguration;
			buildSettings = {
				ASSETCATALOG_COMPILER_APPICON_NAME = AppIcon;
				ASSETCATALOG_COMPILER_GLOBAL_ACCENT_COLOR_NAME = AccentColor;
				CODE_SIGN_STYLE = Automatic;
				CURRENT_PROJECT_VERSION = 1;
				DEVELOPMENT_ASSET_PATHS = "\"how-was-today/Preview Content\"";
				DEVELOPMENT_TEAM = 9U3GTR786Y;
				ENABLE_PREVIEWS = YES;
				ENABLE_USER_SCRIPT_SANDBOXING = NO;
				GENERATE_INFOPLIST_FILE = YES;
				INFOPLIST_KEY_UIApplicationSceneManifest_Generation = YES;
				INFOPLIST_KEY_UIApplicationSupportsIndirectInputEvents = YES;
				INFOPLIST_KEY_UILaunchScreen_Generation = YES;
				INFOPLIST_KEY_UISupportedInterfaceOrientations_iPad = "UIInterfaceOrientationPortrait UIInterfaceOrientationPortraitUpsideDown UIInterfaceOrientationLandscapeLeft UIInterfaceOrientationLandscapeRight";
				INFOPLIST_KEY_UISupportedInterfaceOrientations_iPhone = "UIInterfaceOrientationPortrait UIInterfaceOrientationLandscapeLeft UIInterfaceOrientationLandscapeRight";
				IPHONEOS_DEPLOYMENT_TARGET = 16.6;
				LD_RUNPATH_SEARCH_PATHS = (
					"$(inherited)",
					"@executable_path/Frameworks",
				);
				MARKETING_VERSION = 1.0;
				PRODUCT_BUNDLE_IDENTIFIER = "com.hogang.how-was-today";
				PRODUCT_NAME = "$(TARGET_NAME)";
				SWIFT_EMIT_LOC_STRINGS = YES;
				SWIFT_VERSION = 5.0;
				TARGETED_DEVICE_FAMILY = "1,2";
			};
			name = Release;
		};
		023F21B12E3F1B4900501468 /* Debug */ = {
			isa = XCBuildConfiguration;
			buildSettings = {
				BUNDLE_LOADER = "$(TEST_HOST)";
				CODE_SIGN_STYLE = Automatic;
				CURRENT_PROJECT_VERSION = 1;
				DEVELOPMENT_TEAM = 9U3GTR786Y;
				GENERATE_INFOPLIST_FILE = YES;
				IPHONEOS_DEPLOYMENT_TARGET = 16.6;
				MARKETING_VERSION = 1.0;
				PRODUCT_BUNDLE_IDENTIFIER = "com.hogang.how-was-todayTests";
				PRODUCT_NAME = "$(TARGET_NAME)";
				SWIFT_EMIT_LOC_STRINGS = NO;
				SWIFT_VERSION = 5.0;
				TARGETED_DEVICE_FAMILY = "1,2";
				TEST_HOST = "$(BUILT_PRODUCTS_DIR)/how-was-today.app/$(BUNDLE_EXECUTABLE_FOLDER_PATH)/how-was-today";
			};
			name = Debug;
		};
		023F21B22E3F1B4900501468 /* Release */ = {
			isa = XCBuildConfiguration;
			buildSettings = {
				BUNDLE_LOADER = "$(TEST_HOST)";
				CODE_SIGN_STYLE = Automatic;
				CURRENT_PROJECT_VERSION = 1;
				DEVELOPMENT_TEAM = 9U3GTR786Y;
				GENERATE_INFOPLIST_FILE = YES;
				IPHONEOS_DEPLOYMENT_TARGET = 16.6;
				MARKETING_VERSION = 1.0;
				PRODUCT_BUNDLE_IDENTIFIER = "com.hogang.how-was-todayTests";
				PRODUCT_NAME = "$(TARGET_NAME)";
				SWIFT_EMIT_LOC_STRINGS = NO;
				SWIFT_VERSION = 5.0;
				TARGETED_DEVICE_FAMILY = "1,2";
				TEST_HOST = "$(BUILT_PRODUCTS_DIR)/how-was-today.app/$(BUNDLE_EXECUTABLE_FOLDER_PATH)/how-was-today";
			};
			name = Release;
		};
		023F21B42E3F1B4900501468 /* Debug */ = {
			isa = XCBuildConfiguration;
			buildSettings = {
				CODE_SIGN_STYLE = Automatic;
				CURRENT_PROJECT_VERSION = 1;
				DEVELOPMENT_TEAM = 9U3GTR786Y;
				GENERATE_INFOPLIST_FILE = YES;
				MARKETING_VERSION = 1.0;
				PRODUCT_BUNDLE_IDENTIFIER = "com.hogang.how-was-todayUITests";
				PRODUCT_NAME = "$(TARGET_NAME)";
				SWIFT_EMIT_LOC_STRINGS = NO;
				SWIFT_VERSION = 5.0;
				TARGETED_DEVICE_FAMILY = "1,2";
				TEST_TARGET_NAME = "how-was-today";
			};
			name = Debug;
		};
		023F21B52E3F1B4900501468 /* Release */ = {
			isa = XCBuildConfiguration;
			buildSettings = {
				CODE_SIGN_STYLE = Automatic;
				CURRENT_PROJECT_VERSION = 1;
				DEVELOPMENT_TEAM = 9U3GTR786Y;
				GENERATE_INFOPLIST_FILE = YES;
				MARKETING_VERSION = 1.0;
				PRODUCT_BUNDLE_IDENTIFIER = "com.hogang.how-was-todayUITests";
				PRODUCT_NAME = "$(TARGET_NAME)";
				SWIFT_EMIT_LOC_STRINGS = NO;
				SWIFT_VERSION = 5.0;
				TARGETED_DEVICE_FAMILY = "1,2";
				TEST_TARGET_NAME = "how-was-today";
			};
			name = Release;
		};
/* End XCBuildConfiguration section */

/* Begin XCConfigurationList section */
		023F21842E3F1B4700501468 /* Build configuration list for PBXProject "how-was-today" */ = {
			isa = XCConfigurationList;
			buildConfigurations = (
				023F21AB2E3F1B4900501468 /* Debug */,
				023F21AC2E3F1B4900501468 /* Release */,
			);
			defaultConfigurationIsVisible = 0;
			defaultConfigurationName = Release;
		};
		023F21AD2E3F1B4900501468 /* Build configuration list for PBXNativeTarget "how-was-today" */ = {
			isa = XCConfigurationList;
			buildConfigurations = (
				023F21AE2E3F1B4900501468 /* Debug */,
				023F21AF2E3F1B4900501468 /* Release */,
			);
			defaultConfigurationIsVisible = 0;
			defaultConfigurationName = Release;
		};
		023F21B02E3F1B4900501468 /* Build configuration list for PBXNativeTarget "how-was-todayTests" */ = {
			isa = XCConfigurationList;
			buildConfigurations = (
				023F21B12E3F1B4900501468 /* Debug */,
				023F21B22E3F1B4900501468 /* Release */,
			);
			defaultConfigurationIsVisible = 0;
			defaultConfigurationName = Release;
		};
		023F21B32E3F1B4900501468 /* Build configuration list for PBXNativeTarget "how-was-todayUITests" */ = {
			isa = XCConfigurationList;
			buildConfigurations = (
				023F21B42E3F1B4900501468 /* Debug */,
				023F21B52E3F1B4900501468 /* Release */,
			);
			defaultConfigurationIsVisible = 0;
			defaultConfigurationName = Release;
		};
/* End XCConfigurationList section */

/* Begin XCRemoteSwiftPackageReference section */
		BD8FC6002E45B9A2003FAAAD /* XCRemoteSwiftPackageReference "realm-swift" */ = {
			isa = XCRemoteSwiftPackageReference;
			repositoryURL = "https://github.com/realm/realm-swift";
			requirement = {
				branch = master;
				kind = branch;
			};
		};
/* End XCRemoteSwiftPackageReference section */

/* Begin XCSwiftPackageProductDependency section */
		BD8FC6012E45B9A2003FAAAD /* RealmSwift */ = {
			isa = XCSwiftPackageProductDependency;
			package = BD8FC6002E45B9A2003FAAAD /* XCRemoteSwiftPackageReference "realm-swift" */;
			productName = RealmSwift;
		};
/* End XCSwiftPackageProductDependency section */
	};
	rootObject = 023F21812E3F1B4700501468 /* Project object */;
}
